
Microsoft Visual Studio Solution File, Format Version 12.00
# Visual Studio Version 17
VisualStudioVersion = 17.7.34003.232
MinimumVisualStudioVersion = 10.0.40219.1
Project("{FAE04EC0-301F-11D3-BF4B-00C04F79EFBC}") = "NewtonsoftLibraryJson", "NewtonsoftLibraryJson.csproj", "{D8E9C355-E703-44F8-9054-6E4215F8C031}"
EndProject
Global
	GlobalSection(SolutionConfigurationPlatforms) = preSolution
		Debug|Any CPU = Debug|Any CPU
		Release|Any CPU = Release|Any CPU
	EndGlobalSection
	GlobalSection(ProjectConfigurationPlatforms) = postSolution
		{D8E9C355-E703-44F8-9054-6E4215F8C031}.Debug|Any CPU.ActiveCfg = Debug|Any CPU
		{D8E9C355-E703-44F8-9054-6E4215F8C031}.Debug|Any CPU.Build.0 = Debug|Any CPU
		{D8E9C355-E703-44F8-9054-6E4215F8C031}.Release|Any CPU.ActiveCfg = Release|Any CPU
		{D8E9C355-E703-44F8-9054-6E4215F8C031}.Release|Any CPU.Build.0 = Release|Any CPU
	EndGlobalSection
	GlobalSection(SolutionProperties) = preSolution
		HideSolutionNode = FALSE
	EndGlobalSection
	GlobalSection(ExtensibilityGlobals) = postSolution
		SolutionGuid = {B55CEB6F-9CA4-4AFD-A268-72C85E6B5CE4}
	EndGlobalSection
EndGlobal
